
Microsoft Visual Studio Solution File, Format Version 12.00
# Visual Studio Version 16
VisualStudioVersion = 16.0.31424.327
MinimumVisualStudioVersion = 10.0.40219.1
Project("{FAE04EC0-301F-11D3-BF4B-00C04F79EFBC}") = "EcommerceApp", "EcommerceApp\EcommerceApp.csproj", "{CCD321B7-2DD5-417B-B261-157BFE914BE7}"
EndProject
Project("{9A19103F-16F7-4668-BE54-9A1E7A4F7556}") = "AccessLayer", "AccessLayer\AccessLayer.csproj", "{34694648-761B-44E1-A119-099B9D8CAC2F}"
EndProject
Project("{9A19103F-16F7-4668-BE54-9A1E7A4F7556}") = "BuissnessLayer", "BuissnessLayer\BuissnessLayer.csproj", "{7C23C2D4-375C-4C90-AFFD-D234B87245D7}"
EndProject
Project("{9A19103F-16F7-4668-BE54-9A1E7A4F7556}") = "Commons", "Commons\Commons.csproj", "{6F087554-CABA-4C48-A0C1-2655D9FE0EEA}"
EndProject
Project("{9A19103F-16F7-4668-BE54-9A1E7A4F7556}") = "ServicesLayer", "ServicesLayer\ServicesLayer.csproj", "{36A96D70-D297-4670-ACFD-2A252CBEBF18}"
EndProject
Global
	GlobalSection(SolutionConfigurationPlatforms) = preSolution
		Debug|Any CPU = Debug|Any CPU
		Release|Any CPU = Release|Any CPU
	EndGlobalSection
	GlobalSection(ProjectConfigurationPlatforms) = postSolution
		{CCD321B7-2DD5-417B-B261-157BFE914BE7}.Debug|Any CPU.ActiveCfg = Debug|Any CPU
		{CCD321B7-2DD5-417B-B261-157BFE914BE7}.Debug|Any CPU.Build.0 = Debug|Any CPU
		{CCD321B7-2DD5-417B-B261-157BFE914BE7}.Release|Any CPU.ActiveCfg = Release|Any CPU
		{CCD321B7-2DD5-417B-B261-157BFE914BE7}.Release|Any CPU.Build.0 = Release|Any CPU
		{34694648-761B-44E1-A119-099B9D8CAC2F}.Debug|Any CPU.ActiveCfg = Debug|Any CPU
		{34694648-761B-44E1-A119-099B9D8CAC2F}.Debug|Any CPU.Build.0 = Debug|Any CPU
		{34694648-761B-44E1-A119-099B9D8CAC2F}.Release|Any CPU.ActiveCfg = Release|Any CPU
		{34694648-761B-44E1-A119-099B9D8CAC2F}.Release|Any CPU.Build.0 = Release|Any CPU
		{7C23C2D4-375C-4C90-AFFD-D234B87245D7}.Debug|Any CPU.ActiveCfg = Debug|Any CPU
		{7C23C2D4-375C-4C90-AFFD-D234B87245D7}.Debug|Any CPU.Build.0 = Debug|Any CPU
		{7C23C2D4-375C-4C90-AFFD-D234B87245D7}.Release|Any CPU.ActiveCfg = Release|Any CPU
		{7C23C2D4-375C-4C90-AFFD-D234B87245D7}.Release|Any CPU.Build.0 = Release|Any CPU
		{6F087554-CABA-4C48-A0C1-2655D9FE0EEA}.Debug|Any CPU.ActiveCfg = Debug|Any CPU
		{6F087554-CABA-4C48-A0C1-2655D9FE0EEA}.Debug|Any CPU.Build.0 = Debug|Any CPU
		{6F087554-CABA-4C48-A0C1-2655D9FE0EEA}.Release|Any CPU.ActiveCfg = Release|Any CPU
		{6F087554-CABA-4C48-A0C1-2655D9FE0EEA}.Release|Any CPU.Build.0 = Release|Any CPU
		{36A96D70-D297-4670-ACFD-2A252CBEBF18}.Debug|Any CPU.ActiveCfg = Debug|Any CPU
		{36A96D70-D297-4670-ACFD-2A252CBEBF18}.Debug|Any CPU.Build.0 = Debug|Any CPU
		{36A96D70-D297-4670-ACFD-2A252CBEBF18}.Release|Any CPU.ActiveCfg = Release|Any CPU
		{36A96D70-D297-4670-ACFD-2A252CBEBF18}.Release|Any CPU.Build.0 = Release|Any CPU
	EndGlobalSection
	GlobalSection(SolutionProperties) = preSolution
		HideSolutionNode = FALSE
	EndGlobalSection
	GlobalSection(ExtensibilityGlobals) = postSolution
		SolutionGuid = {D60A018E-075B-4BA6-92C3-D2180ADEF4B5}
	EndGlobalSection
EndGlobal
